
Microsoft Visual Studio Solution File, Format Version 12.00
Project("{FAE04EC0-301F-11D3-BF4B-00C04F79EFBC}") = "RestApia.Shared", "src\RestApia.Shared\RestApia.Shared.csproj", "{BF1B9820-AB0D-77E6-5027-0C003EAE48D0}"
EndProject
Project("{2150E333-8FDC-42A3-9474-1A3956D46DE8}") = "Extensions", "Extensions", "{E2CF6B65-E284-39DA-C77D-4FDAB55B16AD}"
EndProject
Project("{FAE04EC0-301F-11D3-BF4B-00C04F79EFBC}") = "RestApia.Extensions.Auth.Basic", "src\Extensions\RestApia.Extensions.Auth.Basic\RestApia.Extensions.Auth.Basic.csproj", "{9B2C67A1-83B9-157D-5EAF-ADD07B0E8D3F}"
EndProject
Project("{FAE04EC0-301F-11D3-BF4B-00C04F79EFBC}") = "RestApia.Extensions.Auth.OAuth2", "src\Extensions\RestApia.Extensions.Auth.OAuth2\RestApia.Extensions.Auth.OAuth2.csproj", "{AE97EEF8-CE4E-0976-B0FB-8C4FC7616E01}"
EndProject
Project("{2150E333-8FDC-42A3-9474-1A3956D46DE8}") = "Builder", "Builder", "{07A0437C-C5B5-4FC9-AA80-71C96A11FF54}"
EndProject
Project("{FAE04EC0-301F-11D3-BF4B-00C04F79EFBC}") = "Builder.Shared", ".build\Builder.Shared.csproj", "{35A67EB2-CF2D-40B2-B598-685D70F9D94D}"
EndProject
Project("{FAE04EC0-301F-11D3-BF4B-00C04F79EFBC}") = "RestApia.Extensions.Import.Postman", "src\Extensions\RestApia.Extensions.Import.Postman\RestApia.Extensions.Import.Postman.csproj", "{00CAA372-8954-4A50-94C5-6574EBACC467}"
EndProject
Project("{2150E333-8FDC-42A3-9474-1A3956D46DE8}") = "Playground", "Playground", "{B9D6F201-FDF7-42BB-A688-C8CBC51B4718}"
EndProject
Project("{FAE04EC0-301F-11D3-BF4B-00C04F79EFBC}") = "RestApia.Experiments.Tests", "src\Playground\RestApia.Experiments.Tests\RestApia.Experiments.Tests.csproj", "{200B00D8-9D09-464F-B4A8-B7DEC68EE9E8}"
EndProject
Global
	GlobalSection(SolutionConfigurationPlatforms) = preSolution
		Debug|Any CPU = Debug|Any CPU
		Release|Any CPU = Release|Any CPU
	EndGlobalSection
	GlobalSection(ProjectConfigurationPlatforms) = postSolution
		{BF1B9820-AB0D-77E6-5027-0C003EAE48D0}.Debug|Any CPU.ActiveCfg = Debug|Any CPU
		{BF1B9820-AB0D-77E6-5027-0C003EAE48D0}.Debug|Any CPU.Build.0 = Debug|Any CPU
		{BF1B9820-AB0D-77E6-5027-0C003EAE48D0}.Release|Any CPU.ActiveCfg = Release|Any CPU
		{BF1B9820-AB0D-77E6-5027-0C003EAE48D0}.Release|Any CPU.Build.0 = Release|Any CPU
		{9B2C67A1-83B9-157D-5EAF-ADD07B0E8D3F}.Debug|Any CPU.ActiveCfg = Debug|Any CPU
		{9B2C67A1-83B9-157D-5EAF-ADD07B0E8D3F}.Debug|Any CPU.Build.0 = Debug|Any CPU
		{9B2C67A1-83B9-157D-5EAF-ADD07B0E8D3F}.Release|Any CPU.ActiveCfg = Release|Any CPU
		{9B2C67A1-83B9-157D-5EAF-ADD07B0E8D3F}.Release|Any CPU.Build.0 = Release|Any CPU
		{AE97EEF8-CE4E-0976-B0FB-8C4FC7616E01}.Debug|Any CPU.ActiveCfg = Debug|Any CPU
		{AE97EEF8-CE4E-0976-B0FB-8C4FC7616E01}.Debug|Any CPU.Build.0 = Debug|Any CPU
		{AE97EEF8-CE4E-0976-B0FB-8C4FC7616E01}.Release|Any CPU.ActiveCfg = Release|Any CPU
		{AE97EEF8-CE4E-0976-B0FB-8C4FC7616E01}.Release|Any CPU.Build.0 = Release|Any CPU
		{35A67EB2-CF2D-40B2-B598-685D70F9D94D}.Debug|Any CPU.ActiveCfg = Debug|Any CPU
		{35A67EB2-CF2D-40B2-B598-685D70F9D94D}.Debug|Any CPU.Build.0 = Debug|Any CPU
		{35A67EB2-CF2D-40B2-B598-685D70F9D94D}.Release|Any CPU.ActiveCfg = Release|Any CPU
		{35A67EB2-CF2D-40B2-B598-685D70F9D94D}.Release|Any CPU.Build.0 = Release|Any CPU
		{00CAA372-8954-4A50-94C5-6574EBACC467}.Debug|Any CPU.ActiveCfg = Debug|Any CPU
		{00CAA372-8954-4A50-94C5-6574EBACC467}.Debug|Any CPU.Build.0 = Debug|Any CPU
		{00CAA372-8954-4A50-94C5-6574EBACC467}.Release|Any CPU.ActiveCfg = Release|Any CPU
		{00CAA372-8954-4A50-94C5-6574EBACC467}.Release|Any CPU.Build.0 = Release|Any CPU
		{200B00D8-9D09-464F-B4A8-B7DEC68EE9E8}.Debug|Any CPU.ActiveCfg = Debug|Any CPU
		{200B00D8-9D09-464F-B4A8-B7DEC68EE9E8}.Debug|Any CPU.Build.0 = Debug|Any CPU
		{200B00D8-9D09-464F-B4A8-B7DEC68EE9E8}.Release|Any CPU.ActiveCfg = Release|Any CPU
		{200B00D8-9D09-464F-B4A8-B7DEC68EE9E8}.Release|Any CPU.Build.0 = Release|Any CPU
	EndGlobalSection
	GlobalSection(NestedProjects) = preSolution
		{9B2C67A1-83B9-157D-5EAF-ADD07B0E8D3F} = {E2CF6B65-E284-39DA-C77D-4FDAB55B16AD}
		{AE97EEF8-CE4E-0976-B0FB-8C4FC7616E01} = {E2CF6B65-E284-39DA-C77D-4FDAB55B16AD}
		{35A67EB2-CF2D-40B2-B598-685D70F9D94D} = {07A0437C-C5B5-4FC9-AA80-71C96A11FF54}
		{00CAA372-8954-4A50-94C5-6574EBACC467} = {E2CF6B65-E284-39DA-C77D-4FDAB55B16AD}
		{200B00D8-9D09-464F-B4A8-B7DEC68EE9E8} = {B9D6F201-FDF7-42BB-A688-C8CBC51B4718}
	EndGlobalSection
EndGlobal
